
Microsoft Visual Studio Solution File, Format Version 12.00
# Visual Studio Version 17
VisualStudioVersion = 17.5.33530.505
MinimumVisualStudioVersion = 10.0.40219.1
Project("{9A19103F-16F7-4668-BE54-9A1E7A4F7556}") = "PsyhosomaticHealth", "PsyhosomaticHealth\PsyhosomaticHealth.csproj", "{88F580AA-EF4F-4E98-A060-50774743FB68}"
EndProject
Project("{9A19103F-16F7-4668-BE54-9A1E7A4F7556}") = "FileWork", "FileWork\FileWork.csproj", "{5FDCB7EC-55B4-4C73-9BDB-02C7E59A6721}"
EndProject
Project("{9A19103F-16F7-4668-BE54-9A1E7A4F7556}") = "Disciplines", "Disciplines\Disciplines.csproj", "{6FDEB3A4-E3CE-4258-857F-DE6C8D8D35EE}"
EndProject
Project("{2150E333-8FDC-42A3-9474-1A3956D46DE8}") = "Solution Items", "Solution Items", "{BE0A3E7B-40D2-447D-BA48-DA0303221DA2}"
	ProjectSection(SolutionItems) = preProject
		disciplinesFile.json = disciplinesFile.json
	EndProjectSection
EndProject
Global
	GlobalSection(SolutionConfigurationPlatforms) = preSolution
		Debug|Any CPU = Debug|Any CPU
		Release|Any CPU = Release|Any CPU
	EndGlobalSection
	GlobalSection(ProjectConfigurationPlatforms) = postSolution
		{88F580AA-EF4F-4E98-A060-50774743FB68}.Debug|Any CPU.ActiveCfg = Debug|Any CPU
		{88F580AA-EF4F-4E98-A060-50774743FB68}.Debug|Any CPU.Build.0 = Debug|Any CPU
		{88F580AA-EF4F-4E98-A060-50774743FB68}.Release|Any CPU.ActiveCfg = Release|Any CPU
		{88F580AA-EF4F-4E98-A060-50774743FB68}.Release|Any CPU.Build.0 = Release|Any CPU
		{5FDCB7EC-55B4-4C73-9BDB-02C7E59A6721}.Debug|Any CPU.ActiveCfg = Debug|Any CPU
		{5FDCB7EC-55B4-4C73-9BDB-02C7E59A6721}.Debug|Any CPU.Build.0 = Debug|Any CPU
		{5FDCB7EC-55B4-4C73-9BDB-02C7E59A6721}.Release|Any CPU.ActiveCfg = Release|Any CPU
		{5FDCB7EC-55B4-4C73-9BDB-02C7E59A6721}.Release|Any CPU.Build.0 = Release|Any CPU
		{6FDEB3A4-E3CE-4258-857F-DE6C8D8D35EE}.Debug|Any CPU.ActiveCfg = Debug|Any CPU
		{6FDEB3A4-E3CE-4258-857F-DE6C8D8D35EE}.Debug|Any CPU.Build.0 = Debug|Any CPU
		{6FDEB3A4-E3CE-4258-857F-DE6C8D8D35EE}.Release|Any CPU.ActiveCfg = Release|Any CPU
		{6FDEB3A4-E3CE-4258-857F-DE6C8D8D35EE}.Release|Any CPU.Build.0 = Release|Any CPU
	EndGlobalSection
	GlobalSection(SolutionProperties) = preSolution
		HideSolutionNode = FALSE
	EndGlobalSection
	GlobalSection(ExtensibilityGlobals) = postSolution
		SolutionGuid = {F6137993-93CF-4D31-A545-0D8ED94C1A6C}
	EndGlobalSection
EndGlobal
